
Microsoft Visual Studio Solution File, Format Version 12.00
# Visual Studio 15
Project("{FAE04EC0-301F-11D3-BF4B-00C04F79EFBC}") = "CDEastStationDev", "CDEastStationDev.csproj", "{259CEE17-5E0F-F282-08A7-268606243D9A}"
EndProject
Project("{FAE04EC0-301F-11D3-BF4B-00C04F79EFBC}") = "CDEastStationDev.Editor", "CDEastStationDev.Editor.csproj", "{5AC57E78-6568-28E5-EBF3-41B2A553891F}"
EndProject
Global
	GlobalSection(SolutionConfigurationPlatforms) = preSolution
		Debug|Any CPU = Debug|Any CPU
		Release|Any CPU = Release|Any CPU
	EndGlobalSection
	GlobalSection(ProjectConfigurationPlatforms) = postSolution
		{259CEE17-5E0F-F282-08A7-268606243D9A}.Debug|Any CPU.ActiveCfg = Debug|Any CPU
		{259CEE17-5E0F-F282-08A7-268606243D9A}.Debug|Any CPU.Build.0 = Debug|Any CPU
		{259CEE17-5E0F-F282-08A7-268606243D9A}.Release|Any CPU.ActiveCfg = Release|Any CPU
		{259CEE17-5E0F-F282-08A7-268606243D9A}.Release|Any CPU.Build.0 = Release|Any CPU
		{5AC57E78-6568-28E5-EBF3-41B2A553891F}.Debug|Any CPU.ActiveCfg = Debug|Any CPU
		{5AC57E78-6568-28E5-EBF3-41B2A553891F}.Debug|Any CPU.Build.0 = Debug|Any CPU
		{5AC57E78-6568-28E5-EBF3-41B2A553891F}.Release|Any CPU.ActiveCfg = Release|Any CPU
		{5AC57E78-6568-28E5-EBF3-41B2A553891F}.Release|Any CPU.Build.0 = Release|Any CPU
	EndGlobalSection
	GlobalSection(SolutionProperties) = preSolution
		HideSolutionNode = FALSE
	EndGlobalSection
EndGlobal
